
Microsoft Visual Studio Solution File, Format Version 12.00
# Visual Studio Version 17
VisualStudioVersion = 17.3.32922.545
MinimumVisualStudioVersion = 10.0.40219.1
Project("{FAE04EC0-301F-11D3-BF4B-00C04F79EFBC}") = "Практическая №7", "Практическая №7.csproj", "{B0865CBF-A05C-4DC0-B798-000E13BF30FC}"
EndProject
Global
	GlobalSection(SolutionConfigurationPlatforms) = preSolution
		Debug|Any CPU = Debug|Any CPU
		Release|Any CPU = Release|Any CPU
	EndGlobalSection
	GlobalSection(ProjectConfigurationPlatforms) = postSolution
		{B0865CBF-A05C-4DC0-B798-000E13BF30FC}.Debug|Any CPU.ActiveCfg = Debug|Any CPU
		{B0865CBF-A05C-4DC0-B798-000E13BF30FC}.Debug|Any CPU.Build.0 = Debug|Any CPU
		{B0865CBF-A05C-4DC0-B798-000E13BF30FC}.Release|Any CPU.ActiveCfg = Release|Any CPU
		{B0865CBF-A05C-4DC0-B798-000E13BF30FC}.Release|Any CPU.Build.0 = Release|Any CPU
	EndGlobalSection
	GlobalSection(SolutionProperties) = preSolution
		HideSolutionNode = FALSE
	EndGlobalSection
	GlobalSection(ExtensibilityGlobals) = postSolution
		SolutionGuid = {99CB472F-C737-4F16-A0C4-7D8BD9954D42}
	EndGlobalSection
EndGlobal
