
Microsoft Visual Studio Solution File, Format Version 12.00
# Visual Studio Version 17
VisualStudioVersion = 17.3.32922.545
MinimumVisualStudioVersion = 10.0.40219.1
Project("{FAE04EC0-301F-11D3-BF4B-00C04F79EFBC}") = "Практическая №11", "Практическая №11.csproj", "{67882DC0-B7A4-4AE8-A682-5C0EF1C21832}"
EndProject
Global
	GlobalSection(SolutionConfigurationPlatforms) = preSolution
		Debug|Any CPU = Debug|Any CPU
		Release|Any CPU = Release|Any CPU
	EndGlobalSection
	GlobalSection(ProjectConfigurationPlatforms) = postSolution
		{67882DC0-B7A4-4AE8-A682-5C0EF1C21832}.Debug|Any CPU.ActiveCfg = Debug|Any CPU
		{67882DC0-B7A4-4AE8-A682-5C0EF1C21832}.Debug|Any CPU.Build.0 = Debug|Any CPU
		{67882DC0-B7A4-4AE8-A682-5C0EF1C21832}.Release|Any CPU.ActiveCfg = Release|Any CPU
		{67882DC0-B7A4-4AE8-A682-5C0EF1C21832}.Release|Any CPU.Build.0 = Release|Any CPU
	EndGlobalSection
	GlobalSection(SolutionProperties) = preSolution
		HideSolutionNode = FALSE
	EndGlobalSection
	GlobalSection(ExtensibilityGlobals) = postSolution
		SolutionGuid = {A8B8C907-CEA7-4F7B-AD31-7D36CD4669D4}
	EndGlobalSection
EndGlobal
