
Microsoft Visual Studio Solution File, Format Version 12.00
# Visual Studio Version 17
VisualStudioVersion = 17.3.32922.545
MinimumVisualStudioVersion = 10.0.40219.1
Project("{FAE04EC0-301F-11D3-BF4B-00C04F79EFBC}") = "Практическая №10", "Практическая №10.csproj", "{8D99FFF3-25AD-47D2-B82B-6BCBD5DBC371}"
EndProject
Global
	GlobalSection(SolutionConfigurationPlatforms) = preSolution
		Debug|Any CPU = Debug|Any CPU
		Release|Any CPU = Release|Any CPU
	EndGlobalSection
	GlobalSection(ProjectConfigurationPlatforms) = postSolution
		{8D99FFF3-25AD-47D2-B82B-6BCBD5DBC371}.Debug|Any CPU.ActiveCfg = Debug|Any CPU
		{8D99FFF3-25AD-47D2-B82B-6BCBD5DBC371}.Debug|Any CPU.Build.0 = Debug|Any CPU
		{8D99FFF3-25AD-47D2-B82B-6BCBD5DBC371}.Release|Any CPU.ActiveCfg = Release|Any CPU
		{8D99FFF3-25AD-47D2-B82B-6BCBD5DBC371}.Release|Any CPU.Build.0 = Release|Any CPU
	EndGlobalSection
	GlobalSection(SolutionProperties) = preSolution
		HideSolutionNode = FALSE
	EndGlobalSection
	GlobalSection(ExtensibilityGlobals) = postSolution
		SolutionGuid = {5843C322-1F7D-4311-A0FC-10902AC29306}
	EndGlobalSection
EndGlobal
