
Microsoft Visual Studio Solution File, Format Version 12.00
# Visual Studio Version 17
VisualStudioVersion = 17.3.32922.545
MinimumVisualStudioVersion = 10.0.40219.1
Project("{FAE04EC0-301F-11D3-BF4B-00C04F79EFBC}") = "Практическая №9", "Практическая №9.csproj", "{DD024C27-646E-41F5-ABFA-6BF8F66F9CD0}"
EndProject
Global
	GlobalSection(SolutionConfigurationPlatforms) = preSolution
		Debug|Any CPU = Debug|Any CPU
		Release|Any CPU = Release|Any CPU
	EndGlobalSection
	GlobalSection(ProjectConfigurationPlatforms) = postSolution
		{DD024C27-646E-41F5-ABFA-6BF8F66F9CD0}.Debug|Any CPU.ActiveCfg = Debug|Any CPU
		{DD024C27-646E-41F5-ABFA-6BF8F66F9CD0}.Debug|Any CPU.Build.0 = Debug|Any CPU
		{DD024C27-646E-41F5-ABFA-6BF8F66F9CD0}.Release|Any CPU.ActiveCfg = Release|Any CPU
		{DD024C27-646E-41F5-ABFA-6BF8F66F9CD0}.Release|Any CPU.Build.0 = Release|Any CPU
	EndGlobalSection
	GlobalSection(SolutionProperties) = preSolution
		HideSolutionNode = FALSE
	EndGlobalSection
	GlobalSection(ExtensibilityGlobals) = postSolution
		SolutionGuid = {93617701-DB39-4F2C-A4C5-2B7310D1EC3C}
	EndGlobalSection
EndGlobal
